
Microsoft Visual Studio Solution File, Format Version 12.00
Project("{FAE04EC0-301F-11D3-BF4B-00C04F79EFBC}") = "Ultz.Logger", "src\Ultz.Logger\Ultz.Logger.csproj", "{138FC713-B5DF-44D8-BC94-8E0EED0E782C}"
EndProject
Global
	GlobalSection(SolutionConfigurationPlatforms) = preSolution
		Debug|Any CPU = Debug|Any CPU
		Release|Any CPU = Release|Any CPU
	EndGlobalSection
	GlobalSection(ProjectConfigurationPlatforms) = postSolution
		{138FC713-B5DF-44D8-BC94-8E0EED0E782C}.Debug|Any CPU.ActiveCfg = Debug|Any CPU
		{138FC713-B5DF-44D8-BC94-8E0EED0E782C}.Debug|Any CPU.Build.0 = Debug|Any CPU
		{138FC713-B5DF-44D8-BC94-8E0EED0E782C}.Release|Any CPU.ActiveCfg = Release|Any CPU
		{138FC713-B5DF-44D8-BC94-8E0EED0E782C}.Release|Any CPU.Build.0 = Release|Any CPU
	EndGlobalSection
EndGlobal
